
Microsoft Visual Studio Solution File, Format Version 12.00
# Visual Studio 15
VisualStudioVersion = 15.0.27004.2005
MinimumVisualStudioVersion = 10.0.40219.1
Project("{9A19103F-16F7-4668-BE54-9A1E7A4F7556}") = "Telegram.Bot.Framework", "Telegram.Bot.Framework\Telegram.Bot.Framework.csproj", "{1536E834-AD38-4D3A-8A3E-E1256CD0B3CE}"
EndProject
Project("{9A19103F-16F7-4668-BE54-9A1E7A4F7556}") = "BotHost", "BotHost\BotHost.csproj", "{30D09DAC-9875-4EF3-B9A6-62370A52F77E}"
EndProject
Project("{9A19103F-16F7-4668-BE54-9A1E7A4F7556}") = "VkNet.BotsLongPollExtension", "VkNet.BotsLongPollExtension\VkNet.BotsLongPollExtension.csproj", "{C287027B-4290-44CB-BB5F-CF83DB8BD7EF}"
EndProject
Global
	GlobalSection(SolutionConfigurationPlatforms) = preSolution
		Debug|Any CPU = Debug|Any CPU
		Release|Any CPU = Release|Any CPU
	EndGlobalSection
	GlobalSection(ProjectConfigurationPlatforms) = postSolution
		{1536E834-AD38-4D3A-8A3E-E1256CD0B3CE}.Debug|Any CPU.ActiveCfg = Debug|Any CPU
		{1536E834-AD38-4D3A-8A3E-E1256CD0B3CE}.Debug|Any CPU.Build.0 = Debug|Any CPU
		{1536E834-AD38-4D3A-8A3E-E1256CD0B3CE}.Release|Any CPU.ActiveCfg = Release|Any CPU
		{1536E834-AD38-4D3A-8A3E-E1256CD0B3CE}.Release|Any CPU.Build.0 = Release|Any CPU
		{30D09DAC-9875-4EF3-B9A6-62370A52F77E}.Debug|Any CPU.ActiveCfg = Debug|Any CPU
		{30D09DAC-9875-4EF3-B9A6-62370A52F77E}.Debug|Any CPU.Build.0 = Debug|Any CPU
		{30D09DAC-9875-4EF3-B9A6-62370A52F77E}.Release|Any CPU.ActiveCfg = Release|Any CPU
		{30D09DAC-9875-4EF3-B9A6-62370A52F77E}.Release|Any CPU.Build.0 = Release|Any CPU
		{C287027B-4290-44CB-BB5F-CF83DB8BD7EF}.Debug|Any CPU.ActiveCfg = Debug|Any CPU
		{C287027B-4290-44CB-BB5F-CF83DB8BD7EF}.Debug|Any CPU.Build.0 = Debug|Any CPU
		{C287027B-4290-44CB-BB5F-CF83DB8BD7EF}.Release|Any CPU.ActiveCfg = Release|Any CPU
		{C287027B-4290-44CB-BB5F-CF83DB8BD7EF}.Release|Any CPU.Build.0 = Release|Any CPU
	EndGlobalSection
	GlobalSection(SolutionProperties) = preSolution
		HideSolutionNode = FALSE
	EndGlobalSection
	GlobalSection(ExtensibilityGlobals) = postSolution
		SolutionGuid = {94F23F41-1944-4BA3-AE09-F25B08468923}
	EndGlobalSection
EndGlobal
